go.etcd.io/bbolt v1.3.6 h1:/ecaJf0sk1l4l6V4awd65v2C3ILy7MSj+s/x1ADCIMU=
go.etcd.io/bbolt v1.3.6/go.mod h1:qXsaaIqmgQH0T+OPdb99Bf+PKfBBQVAdyD6TY9G8XM4=
golang.org/x/sys v0.0.0-20200923182605-d9f96fdee20d h1:L/IKR6COd7ubZrs2oTnTi73IhgqJ71c9s80WsQnh0Es=
golang.org/x/sys v0.0.0-20200923182605-d9f96fdee20d/go.mod h1:h1NjWce9XRLGQEsW7wpKNCjG9DtNlClVuFLEZdDNbEs=
gophers.dev/pkgs/ignore v0.3.1 h1:MmNywpk5VAxWQ7/Yz9E1NmEEHLTh0hRWLiHENdVy4Ls=
gophers.dev/pkgs/ignore v0.3.1/go.mod h1:HwTn4Fc9oicp2TxFV/8P0CswwfsVQczZvG6ZTy2TRXA=
gophers.dev/pkgs/regexplus v0.2.0 h1:HXUUh80mVBcRKx4shSS1xIOW0t+Akz+TRo3sgUylEvI=
gophers.dev/pkgs/regexplus v0.2.0/go.mod h1:K4ctjcxPeUcN0wpFcQUavX4jygQC8pMEBLnEklP7Iio=
